
Microsoft Visual Studio Solution File, Format Version 12.00
# Visual Studio 15
VisualStudioVersion = 15.0.28307.572
MinimumVisualStudioVersion = 10.0.40219.1
Project("{8BC9CEB8-8B4A-11D0-8D11-00A0C91BC942}") = "Battleship", "Battleship.vcxproj", "{BD08DAC5-F435-4F05-856F-5F7F3EFEA883}"
EndProject
Global
	GlobalSection(SolutionConfigurationPlatforms) = preSolution
		Debug|x64 = Debug|x64
		Debug|x86 = Debug|x86
		Release|x64 = Release|x64
		Release|x86 = Release|x86
	EndGlobalSection
	GlobalSection(ProjectConfigurationPlatforms) = postSolution
		{BD08DAC5-F435-4F05-856F-5F7F3EFEA883}.Debug|x64.ActiveCfg = Debug|x64
		{BD08DAC5-F435-4F05-856F-5F7F3EFEA883}.Debug|x64.Build.0 = Debug|x64
		{BD08DAC5-F435-4F05-856F-5F7F3EFEA883}.Debug|x86.ActiveCfg = Debug|Win32
		{BD08DAC5-F435-4F05-856F-5F7F3EFEA883}.Debug|x86.Build.0 = Debug|Win32
		{BD08DAC5-F435-4F05-856F-5F7F3EFEA883}.Release|x64.ActiveCfg = Release|x64
		{BD08DAC5-F435-4F05-856F-5F7F3EFEA883}.Release|x64.Build.0 = Release|x64
		{BD08DAC5-F435-4F05-856F-5F7F3EFEA883}.Release|x86.ActiveCfg = Release|Win32
		{BD08DAC5-F435-4F05-856F-5F7F3EFEA883}.Release|x86.Build.0 = Release|Win32
	EndGlobalSection
	GlobalSection(SolutionProperties) = preSolution
		HideSolutionNode = FALSE
	EndGlobalSection
	GlobalSection(ExtensibilityGlobals) = postSolution
		SolutionGuid = {B1FB1747-908A-4F84-9902-33F506AA5853}
	EndGlobalSection
EndGlobal
